
Microsoft Visual Studio Solution File, Format Version 12.00
# Visual Studio Version 17
VisualStudioVersion = 17.12.35527.113
MinimumVisualStudioVersion = 10.0.40219.1
Project("{9A19103F-16F7-4668-BE54-9A1E7A4F7556}") = "DemoPhotoBooth", "DemoPhotoBooth\DemoPhotoBooth.csproj", "{7059C799-0F1D-4602-8C97-33F41A22E963}"
EndProject
Project("{2150E333-8FDC-42A3-9474-1A3956D46DE8}") = "Solution Items", "Solution Items", "{407B1591-E2B7-4842-BBBA-52C373E5E667}"
	ProjectSection(SolutionItems) = preProject
		.editorconfig = .editorconfig
	EndProjectSection
EndProject
Global
	GlobalSection(SolutionConfigurationPlatforms) = preSolution
		Debug|Any CPU = Debug|Any CPU
		Debug|x86 = Debug|x86
		Release|Any CPU = Release|Any CPU
		Release|x86 = Release|x86
	EndGlobalSection
	GlobalSection(ProjectConfigurationPlatforms) = postSolution
		{7059C799-0F1D-4602-8C97-33F41A22E963}.Debug|Any CPU.ActiveCfg = Debug|Any CPU
		{7059C799-0F1D-4602-8C97-33F41A22E963}.Debug|Any CPU.Build.0 = Debug|Any CPU
		{7059C799-0F1D-4602-8C97-33F41A22E963}.Debug|x86.ActiveCfg = Debug|Any CPU
		{7059C799-0F1D-4602-8C97-33F41A22E963}.Debug|x86.Build.0 = Debug|Any CPU
		{7059C799-0F1D-4602-8C97-33F41A22E963}.Release|Any CPU.ActiveCfg = Release|Any CPU
		{7059C799-0F1D-4602-8C97-33F41A22E963}.Release|Any CPU.Build.0 = Release|Any CPU
		{7059C799-0F1D-4602-8C97-33F41A22E963}.Release|x86.ActiveCfg = Release|Any CPU
		{7059C799-0F1D-4602-8C97-33F41A22E963}.Release|x86.Build.0 = Release|Any CPU
	EndGlobalSection
	GlobalSection(SolutionProperties) = preSolution
		HideSolutionNode = FALSE
	EndGlobalSection
	GlobalSection(ExtensibilityGlobals) = postSolution
		SolutionGuid = {0E9EC045-A02F-4310-A798-28F8E3FE8E8B}
	EndGlobalSection
EndGlobal
